
Microsoft Visual Studio Solution File, Format Version 12.00
# Visual Studio Version 16
VisualStudioVersion = 16.0.31321.278
MinimumVisualStudioVersion = 10.0.40219.1
Project("{FAE04EC0-301F-11D3-BF4B-00C04F79EFBC}") = "TMTD", "TMTD\TMTD.csproj", "{5A7F7B31-C545-4742-A831-6EE6B5604A0D}"
EndProject
Global
	GlobalSection(SolutionConfigurationPlatforms) = preSolution
		Debug|Any CPU = Debug|Any CPU
		Release|Any CPU = Release|Any CPU
	EndGlobalSection
	GlobalSection(ProjectConfigurationPlatforms) = postSolution
		{5A7F7B31-C545-4742-A831-6EE6B5604A0D}.Debug|Any CPU.ActiveCfg = Debug|Any CPU
		{5A7F7B31-C545-4742-A831-6EE6B5604A0D}.Debug|Any CPU.Build.0 = Debug|Any CPU
		{5A7F7B31-C545-4742-A831-6EE6B5604A0D}.Release|Any CPU.ActiveCfg = Release|Any CPU
		{5A7F7B31-C545-4742-A831-6EE6B5604A0D}.Release|Any CPU.Build.0 = Release|Any CPU
	EndGlobalSection
	GlobalSection(SolutionProperties) = preSolution
		HideSolutionNode = FALSE
	EndGlobalSection
	GlobalSection(ExtensibilityGlobals) = postSolution
		SolutionGuid = {DB58E177-BA15-43A7-8C5D-8B764F4C9F76}
	EndGlobalSection
EndGlobal
